
Microsoft Visual Studio Solution File, Format Version 12.00
# Visual Studio Version 17
VisualStudioVersion = 17.7.34221.43
MinimumVisualStudioVersion = 10.0.40219.1
Project("{FAE04EC0-301F-11D3-BF4B-00C04F79EFBC}") = "Contracts", "Contracts\Contracts.csproj", "{33778F35-6510-4DE4-AE95-36C5E5AC6E3F}"
EndProject
Global
	GlobalSection(SolutionConfigurationPlatforms) = preSolution
		Debug|Any CPU = Debug|Any CPU
		Release|Any CPU = Release|Any CPU
	EndGlobalSection
	GlobalSection(ProjectConfigurationPlatforms) = postSolution
		{33778F35-6510-4DE4-AE95-36C5E5AC6E3F}.Debug|Any CPU.ActiveCfg = Debug|Any CPU
		{33778F35-6510-4DE4-AE95-36C5E5AC6E3F}.Debug|Any CPU.Build.0 = Debug|Any CPU
		{33778F35-6510-4DE4-AE95-36C5E5AC6E3F}.Release|Any CPU.ActiveCfg = Release|Any CPU
		{33778F35-6510-4DE4-AE95-36C5E5AC6E3F}.Release|Any CPU.Build.0 = Release|Any CPU
	EndGlobalSection
	GlobalSection(SolutionProperties) = preSolution
		HideSolutionNode = FALSE
	EndGlobalSection
	GlobalSection(ExtensibilityGlobals) = postSolution
		SolutionGuid = {41D0A1C9-6E73-4E8E-8379-37A8DD739422}
	EndGlobalSection
EndGlobal
